
Microsoft Visual Studio Solution File, Format Version 12.00
# Visual Studio 15
VisualStudioVersion = 15.0.28307.1209
MinimumVisualStudioVersion = 10.0.40219.1
Project("{FAE04EC0-301F-11D3-BF4B-00C04F79EFBC}") = "demo", "demo\demo.csproj", "{BBE28A94-E169-49A2-A2D1-3451B741C6C8}"
EndProject
Global
	GlobalSection(SolutionConfigurationPlatforms) = preSolution
		Debug|Any CPU = Debug|Any CPU
		Release|Any CPU = Release|Any CPU
	EndGlobalSection
	GlobalSection(ProjectConfigurationPlatforms) = postSolution
		{BBE28A94-E169-49A2-A2D1-3451B741C6C8}.Debug|Any CPU.ActiveCfg = Debug|Any CPU
		{BBE28A94-E169-49A2-A2D1-3451B741C6C8}.Debug|Any CPU.Build.0 = Debug|Any CPU
		{BBE28A94-E169-49A2-A2D1-3451B741C6C8}.Release|Any CPU.ActiveCfg = Release|Any CPU
		{BBE28A94-E169-49A2-A2D1-3451B741C6C8}.Release|Any CPU.Build.0 = Release|Any CPU
	EndGlobalSection
	GlobalSection(SolutionProperties) = preSolution
		HideSolutionNode = FALSE
	EndGlobalSection
	GlobalSection(ExtensibilityGlobals) = postSolution
		SolutionGuid = {0D065517-1E2A-40F2-B58F-1B3A0AD34EAD}
	EndGlobalSection
EndGlobal
